// !$*UTF8*$!
{
	archiveVersion = 1;
	classes = {
	};
	objectVersion = 77;
	objects = {

/* Begin PBXContainerItemProxy section */
		2BBDB5FA2D7CB4AE00084912 /* PBXContainerItemProxy */ = {
			isa = PBXContainerItemProxy;
			containerPortal = 2BBDB5E12D7CB4AD00084912 /* Project object */;
			proxyType = 1;
			remoteGlobalIDString = 2BBDB5E82D7CB4AD00084912;
			remoteInfo = tutorialonexcode;
		};
		2BBDB6042D7CB4AE00084912 /* PBXContainerItemProxy */ = {
			isa = PBXContainerItemProxy;
			containerPortal = 2BBDB5E12D7CB4AD00084912 /* Project object */;
			proxyType = 1;
			remoteGlobalIDString = 2BBDB5E82D7CB4AD00084912;
			remoteInfo = tutorialonexcode;
		};
/* End PBXContainerItemProxy section */

/* Begin PBXFileReference section */
		2BBDB5E92D7CB4AD00084912 /* tutorialonexcode.app */ = {isa = PBXFileReference; explicitFileType = wrapper.application; includeInIndex = 0; path = tutorialonexcode.app; sourceTree = BUILT_PRODUCTS_DIR; };
		2BBDB5F92D7CB4AE00084912 /* tutorialonexcodeTests.xctest */ = {isa = PBXFileReference; explicitFileType = wrapper.cfbundle; includeInIndex = 0; path = tutorialonexcodeTests.xctest; sourceTree = BUILT_PRODUCTS_DIR; };
		2BBDB6032D7CB4AE00084912 /* tutorialonexcodeUITests.xctest */ = {isa = PBXFileReference; explicitFileType = wrapper.cfbundle; includeInIndex = 0; path = tutorialonexcodeUITests.xctest; sourceTree = BUILT_PRODUCTS_DIR; };
/* End PBXFileReference section */

/* Begin PBXFileSystemSynchronizedRootGroup section */
		2BBDB5EB2D7CB4AD00084912 /* tutorialonexcode */ = {
			isa = PBXFileSystemSynchronizedRootGroup;
			path = tutorialonexcode;
			sourceTree = "<group>";
		};
		2BBDB5FC2D7CB4AE00084912 /* tutorialonexcodeTests */ = {
			isa = PBXFileSystemSynchronizedRootGroup;
			path = tutorialonexcodeTests;
			sourceTree = "<group>";
		};
		2BBDB6062D7CB4AE00084912 /* tutorialonexcodeUITests */ = {
			isa = PBXFileSystemSynchronizedRootGroup;
			path = tutorialonexcodeUITests;
			sourceTree = "<group>";
		};
/* End PBXFileSystemSynchronizedRootGroup section */

/* Begin PBXFrameworksBuildPhase section */
		2BBDB5E62D7CB4AD00084912 /* Frameworks */ = {
			isa = PBXFrameworksBuildPhase;
			buildActionMask = 2147483647;
			files = (
			);
			runOnlyForDeploymentPostprocessing = 0;
		};
		2BBDB5F62D7CB4AE00084912 /* Frameworks */ = {
			isa = PBXFrameworksBuildPhase;
			buildActionMask = 2147483647;
			files = (
			);
			runOnlyForDeploymentPostprocessing = 0;
		};
		2BBDB6002D7CB4AE00084912 /* Frameworks */ = {
			isa = PBXFrameworksBuildPhase;
			buildActionMask = 2147483647;
			files = (
			);
			runOnlyForDeploymentPostprocessing = 0;
		};
/* End PBXFrameworksBuildPhase section */

/* Begin PBXGroup section */
		2BBDB5E02D7CB4AD00084912 = {
			isa = PBXGroup;
			children = (
				2BBDB5EB2D7CB4AD00084912 /* tutorialonexcode */,
				2BBDB5FC2D7CB4AE00084912 /* tutorialonexcodeTests */,
				2BBDB6062D7CB4AE00084912 /* tutorialonexcodeUITests */,
				2BBDB5EA2D7CB4AD00084912 /* Products */,
			);
			sourceTree = "<group>";
		};
		2BBDB5EA2D7CB4AD00084912 /* Products */ = {
			isa = PBXGroup;
			children = (
				2BBDB5E92D7CB4AD00084912 /* tutorialonexcode.app */,
				2BBDB5F92D7CB4AE00084912 /* tutorialonexcodeTests.xctest */,
				2BBDB6032D7CB4AE00084912 /* tutorialonexcodeUITests.xctest */,
			);
			name = Products;
			sourceTree = "<group>";
		};
/* End PBXGroup section */

/* Begin PBXNativeTarget section */
		2BBDB5E82D7CB4AD00084912 /* tutorialonexcode */ = {
			isa = PBXNativeTarget;
			buildConfigurationList = 2BBDB60D2D7CB4AE00084912 /* Build configuration list for PBXNativeTarget "tutorialonexcode" */;
			buildPhases = (
				2BBDB5E52D7CB4AD00084912 /* Sources */,
				2BBDB5E62D7CB4AD00084912 /* Frameworks */,
				2BBDB5E72D7CB4AD00084912 /* Resources */,
			);
			buildRules = (
			);
			dependencies = (
			);
			fileSystemSynchronizedGroups = (
				2BBDB5EB2D7CB4AD00084912 /* tutorialonexcode */,
			);
			name = tutorialonexcode;
			packageProductDependencies = (
			);
			productName = tutorialonexcode;
			productReference = 2BBDB5E92D7CB4AD00084912 /* tutorialonexcode.app */;
			productType = "com.apple.product-type.application";
		};
		2BBDB5F82D7CB4AE00084912 /* tutorialonexcodeTests */ = {
			isa = PBXNativeTarget;
			buildConfigurationList = 2BBDB6102D7CB4AE00084912 /* Build configuration list for PBXNativeTarget "tutorialonexcodeTests" */;
			buildPhases = (
				2BBDB5F52D7CB4AE00084912 /* Sources */,
				2BBDB5F62D7CB4AE00084912 /* Frameworks */,
				2BBDB5F72D7CB4AE00084912 /* Resources */,
			);
			buildRules = (
			);
			dependencies = (
				2BBDB5FB2D7CB4AE00084912 /* PBXTargetDependency */,
			);
			fileSystemSynchronizedGroups = (
				2BBDB5FC2D7CB4AE00084912 /* tutorialonexcodeTests */,
			);
			name = tutorialonexcodeTests;
			packageProductDependencies = (
			);
			productName = tutorialonexcodeTests;
			productReference = 2BBDB5F92D7CB4AE00084912 /* tutorialonexcodeTests.xctest */;
			productType = "com.apple.product-type.bundle.unit-test";
		};
		2BBDB6022D7CB4AE00084912 /* tutorialonexcodeUITests */ = {
			isa = PBXNativeTarget;
			buildConfigurationList = 2BBDB6132D7CB4AE00084912 /* Build configuration list for PBXNativeTarget "tutorialonexcodeUITests" */;
			buildPhases = (
				2BBDB5FF2D7CB4AE00084912 /* Sources */,
				2BBDB6002D7CB4AE00084912 /* Frameworks */,
				2BBDB6012D7CB4AE00084912 /* Resources */,
			);
			buildRules = (
			);
			dependencies = (
				2BBDB6052D7CB4AE00084912 /* PBXTargetDependency */,
			);
			fileSystemSynchronizedGroups = (
				2BBDB6062D7CB4AE00084912 /* tutorialonexcodeUITests */,
			);
			name = tutorialonexcodeUITests;
			packageProductDependencies = (
			);
			productName = tutorialonexcodeUITests;
			productReference = 2BBDB6032D7CB4AE00084912 /* tutorialonexcodeUITests.xctest */;
			productType = "com.apple.product-type.bundle.ui-testing";
		};
/* End PBXNativeTarget section */

/* Begin PBXProject section */
		2BBDB5E12D7CB4AD00084912 /* Project object */ = {
			isa = PBXProject;
			attributes = {
				BuildIndependentTargetsInParallel = 1;
				LastSwiftUpdateCheck = 1620;
				LastUpgradeCheck = 1620;
				TargetAttributes = {
					2BBDB5E82D7CB4AD00084912 = {
						CreatedOnToolsVersion = 16.2;
					};
					2BBDB5F82D7CB4AE00084912 = {
						CreatedOnToolsVersion = 16.2;
						TestTargetID = 2BBDB5E82D7CB4AD00084912;
					};
					2BBDB6022D7CB4AE00084912 = {
						CreatedOnToolsVersion = 16.2;
						TestTargetID = 2BBDB5E82D7CB4AD00084912;
					};
				};
			};
			buildConfigurationList = 2BBDB5E42D7CB4AD00084912 /* Build configuration list for PBXProject "tutorialonexcode" */;
			developmentRegion = en;
			hasScannedForEncodings = 0;
			knownRegions = (
				en,
				Base,
			);
			mainGroup = 2BBDB5E02D7CB4AD00084912;
			minimizedProjectReferenceProxies = 1;
			preferredProjectObjectVersion = 77;
			productRefGroup = 2BBDB5EA2D7CB4AD00084912 /* Products */;
			projectDirPath = "";
			projectRoot = "";
			targets = (
				2BBDB5E82D7CB4AD00084912 /* tutorialonexcode */,
				2BBDB5F82D7CB4AE00084912 /* tutorialonexcodeTests */,
				2BBDB6022D7CB4AE00084912 /* tutorialonexcodeUITests */,
			);
		};
/* End PBXProject section */

/* Begin PBXResourcesBuildPhase section */
		2BBDB5E72D7CB4AD00084912 /* Resources */ = {
			isa = PBXResourcesBuildPhase;
			buildActionMask = 2147483647;
			files = (
			);
			runOnlyForDeploymentPostprocessing = 0;
		};
		2BBDB5F72D7CB4AE00084912 /* Resources */ = {
			isa = PBXResourcesBuildPhase;
			buildActionMask = 2147483647;
			files = (
			);
			runOnlyForDeploymentPostprocessing = 0;
		};
		2BBDB6012D7CB4AE00084912 /* Resources */ = {
			isa = PBXResourcesBuildPhase;
			buildActionMask = 2147483647;
			files = (
			);
			runOnlyForDeploymentPostprocessing = 0;
		};
/* End PBXResourcesBuildPhase section */

/* Begin PBXSourcesBuildPhase section */
		2BBDB5E52D7CB4AD00084912 /* Sources */ = {
			isa = PBXSourcesBuildPhase;
			buildActionMask = 2147483647;
			files = (
			);
			runOnlyForDeploymentPostprocessing = 0;
		};
		2BBDB5F52D7CB4AE00084912 /* Sources */ = {
			isa = PBXSourcesBuildPhase;
			buildActionMask = 2147483647;
			files = (
			);
			runOnlyForDeploymentPostprocessing = 0;
		};
		2BBDB5FF2D7CB4AE00084912 /* Sources */ = {
			isa = PBXSourcesBuildPhase;
			buildActionMask = 2147483647;
			files = (
			);
			runOnlyForDeploymentPostprocessing = 0;
		};
/* End PBXSourcesBuildPhase section */

/* Begin PBXTargetDependency section */
		2BBDB5FB2D7CB4AE00084912 /* PBXTargetDependency */ = {
			isa = PBXTargetDependency;
			target = 2BBDB5E82D7CB4AD00084912 /* tutorialonexcode */;
			targetProxy = 2BBDB5FA2D7CB4AE00084912 /* PBXContainerItemProxy */;
		};
		2BBDB6052D7CB4AE00084912 /* PBXTargetDependency */ = {
			isa = PBXTargetDependency;
			target = 2BBDB5E82D7CB4AD00084912 /* tutorialonexcode */;
			targetProxy = 2BBDB6042D7CB4AE00084912 /* PBXContainerItemProxy */;
		};
/* End PBXTargetDependency section */

/* Begin XCBuildConfiguration section */
		2BBDB60B2D7CB4AE00084912 /* Debug */ = {
			isa = XCBuildConfiguration;
			buildSettings = {
				ALWAYS_SEARCH_USER_PATHS = NO;
				ASSETCATALOG_COMPILER_GENERATE_SWIFT_ASSET_SYMBOL_EXTENSIONS = YES;
				CLANG_ANALYZER_NONNULL = YES;
				CLANG_ANALYZER_NUMBER_OBJECT_CONVERSION = YES_AGGRESSIVE;
				CLANG_CXX_LANGUAGE_STANDARD = "gnu++20";
				CLANG_ENABLE_MODULES = YES;
				CLANG_ENABLE_OBJC_ARC = YES;
				CLANG_ENABLE_OBJC_WEAK = YES;
				CLANG_WARN_BLOCK_CAPTURE_AUTORELEASING = YES;
				CLANG_WARN_BOOL_CONVERSION = YES;
				CLANG_WARN_COMMA = YES;
				CLANG_WARN_CONSTANT_CONVERSION = YES;
				CLANG_WARN_DEPRECATED_OBJC_IMPLEMENTATIONS = YES;
				CLANG_WARN_DIRECT_OBJC_ISA_USAGE = YES_ERROR;
				CLANG_WARN_DOCUMENTATION_COMMENTS = YES;
				CLANG_WARN_EMPTY_BODY = YES;
				CLANG_WARN_ENUM_CONVERSION = YES;
				CLANG_WARN_INFINITE_RECURSION = YES;
				CLANG_WARN_INT_CONVERSION = YES;
				CLANG_WARN_NON_LITERAL_NULL_CONVERSION = YES;
				CLANG_WARN_OBJC_IMPLICIT_RETAIN_SELF = YES;
				CLANG_WARN_OBJC_LITERAL_CONVERSION = YES;
				CLANG_WARN_OBJC_ROOT_CLASS = YES_ERROR;
				CLANG_WARN_QUOTED_INCLUDE_IN_FRAMEWORK_HEADER = YES;
				CLANG_WARN_RANGE_LOOP_ANALYSIS = YES;
				CLANG_WARN_STRICT_PROTOTYPES = YES;
				CLANG_WARN_SUSPICIOUS_MOVE = YES;
				CLANG_WARN_UNGUARDED_AVAILABILITY = YES_AGGRESSIVE;
				CLANG_WARN_UNREACHABLE_CODE = YES;
				CLANG_WARN__DUPLICATE_METHOD_MATCH = YES;
				COPY_PHASE_STRIP = NO;
				DEBUG_INFORMATION_FORMAT = dwarf;
				ENABLE_STRICT_OBJC_MSGSEND = YES;
				ENABLE_TESTABILITY = YES;
				ENABLE_USER_SCRIPT_SANDBOXING = YES;
				GCC_C_LANGUAGE_STANDARD = gnu17;
				GCC_DYNAMIC_NO_PIC = NO;
				GCC_NO_COMMON_BLOCKS = YES;
				GCC_OPTIMIZATION_LEVEL = 0;
				GCC_PREPROCESSOR_DEFINITIONS = (
					"DEBUG=1",
					"$(inherited)",
				);
				GCC_WARN_64_TO_32_BIT_CONVERSION = YES;
				GCC_WARN_ABOUT_RETURN_TYPE = YES_ERROR;
				GCC_WARN_UNDECLARED_SELECTOR = YES;
				GCC_WARN_UNINITIALIZED_AUTOS = YES_AGGRESSIVE;
				GCC_WARN_UNUSED_FUNCTION = YES;
				GCC_WARN_UNUSED_VARIABLE = YES;
				IPHONEOS_DEPLOYMENT_TARGET = 18.2;
				LOCALIZATION_PREFERS_STRING_CATALOGS = YES;
				MTL_ENABLE_DEBUG_INFO = INCLUDE_SOURCE;
				MTL_FAST_MATH = YES;
				ONLY_ACTIVE_ARCH = YES;
				SDKROOT = iphoneos;
				SWIFT_ACTIVE_COMPILATION_CONDITIONS = "DEBUG $(inherited)";
				SWIFT_OPTIMIZATION_LEVEL = "-Onone";
			};
			name = Debug;
		};
		2BBDB60C2D7CB4AE00084912 /* Release */ = {
			isa = XCBuildConfiguration;
			buildSettings = {
				ALWAYS_SEARCH_USER_PATHS = NO;
				ASSETCATALOG_COMPILER_GENERATE_SWIFT_ASSET_SYMBOL_EXTENSIONS = YES;
				CLANG_ANALYZER_NONNULL = YES;
				CLANG_ANALYZER_NUMBER_OBJECT_CONVERSION = YES_AGGRESSIVE;
				CLANG_CXX_LANGUAGE_STANDARD = "gnu++20";
				CLANG_ENABLE_MODULES = YES;
				CLANG_ENABLE_OBJC_ARC = YES;
				CLANG_ENABLE_OBJC_WEAK = YES;
				CLANG_WARN_BLOCK_CAPTURE_AUTORELEASING = YES;
				CLANG_WARN_BOOL_CONVERSION = YES;
				CLANG_WARN_COMMA = YES;
				CLANG_WARN_CONSTANT_CONVERSION = YES;
				CLANG_WARN_DEPRECATED_OBJC_IMPLEMENTATIONS = YES;
				CLANG_WARN_DIRECT_OBJC_ISA_USAGE = YES_ERROR;
				CLANG_WARN_DOCUMENTATION_COMMENTS = YES;
				CLANG_WARN_EMPTY_BODY = YES;
				CLANG_WARN_ENUM_CONVERSION = YES;
				CLANG_WARN_INFINITE_RECURSION = YES;
				CLANG_WARN_INT_CONVERSION = YES;
				CLANG_WARN_NON_LITERAL_NULL_CONVERSION = YES;
				CLANG_WARN_OBJC_IMPLICIT_RETAIN_SELF = YES;
				CLANG_WARN_OBJC_LITERAL_CONVERSION = YES;
				CLANG_WARN_OBJC_ROOT_CLASS = YES_ERROR;
				CLANG_WARN_QUOTED_INCLUDE_IN_FRAMEWORK_HEADER = YES;
				CLANG_WARN_RANGE_LOOP_ANALYSIS = YES;
				CLANG_WARN_STRICT_PROTOTYPES = YES;
				CLANG_WARN_SUSPICIOUS_MOVE = YES;
				CLANG_WARN_UNGUARDED_AVAILABILITY = YES_AGGRESSIVE;
				CLANG_WARN_UNREACHABLE_CODE = YES;
				CLANG_WARN__DUPLICATE_METHOD_MATCH = YES;
				COPY_PHASE_STRIP = NO;
				DEBUG_INFORMATION_FORMAT = "dwarf-with-dsym";
				ENABLE_NS_ASSERTIONS = NO;
				ENABLE_STRICT_OBJC_MSGSEND = YES;
				ENABLE_USER_SCRIPT_SANDBOXING = YES;
				GCC_C_LANGUAGE_STANDARD = gnu17;
				GCC_NO_COMMON_BLOCKS = YES;
				GCC_WARN_64_TO_32_BIT_CONVERSION = YES;
				GCC_WARN_ABOUT_RETURN_TYPE = YES_ERROR;
				GCC_WARN_UNDECLARED_SELECTOR = YES;
				GCC_WARN_UNINITIALIZED_AUTOS = YES_AGGRESSIVE;
				GCC_WARN_UNUSED_FUNCTION = YES;
				GCC_WARN_UNUSED_VARIABLE = YES;
				IPHONEOS_DEPLOYMENT_TARGET = 18.2;
				LOCALIZATION_PREFERS_STRING_CATALOGS = YES;
				MTL_ENABLE_DEBUG_INFO = NO;
				MTL_FAST_MATH = YES;
				SDKROOT = iphoneos;
				SWIFT_COMPILATION_MODE = wholemodule;
				VALIDATE_PRODUCT = YES;
			};
			name = Release;
		};
		2BBDB60E2D7CB4AE00084912 /* Debug */ = {
			isa = XCBuildConfiguration;
			buildSettings = {
				ASSETCATALOG_COMPILER_APPICON_NAME = AppIcon;
				ASSETCATALOG_COMPILER_GLOBAL_ACCENT_COLOR_NAME = AccentColor;
				CODE_SIGN_STYLE = Automatic;
				CURRENT_PROJECT_VERSION = 1;
				DEVELOPMENT_ASSET_PATHS = "\"tutorialonexcode/Preview Content\"";
				DEVELOPMENT_TEAM = 652WBH475H;
				ENABLE_PREVIEWS = YES;
				GENERATE_INFOPLIST_FILE = YES;
				INFOPLIST_KEY_UIApplicationSceneManifest_Generation = YES;
				INFOPLIST_KEY_UIApplicationSupportsIndirectInputEvents = YES;
				INFOPLIST_KEY_UILaunchScreen_Generation = YES;
				INFOPLIST_KEY_UISupportedInterfaceOrientations_iPad = "UIInterfaceOrientationPortrait UIInterfaceOrientationPortraitUpsideDown UIInterfaceOrientationLandscapeLeft UIInterfaceOrientationLandscapeRight";
				INFOPLIST_KEY_UISupportedInterfaceOrientations_iPhone = "UIInterfaceOrientationPortrait UIInterfaceOrientationLandscapeLeft UIInterfaceOrientationLandscapeRight";
				LD_RUNPATH_SEARCH_PATHS = (
					"$(inherited)",
					"@executable_path/Frameworks",
				);
				MARKETING_VERSION = 1.0;
				PRODUCT_BUNDLE_IDENTIFIER = com.bakangmonei.tutorialonexcode;
				PRODUCT_NAME = "$(TARGET_NAME)";
				SWIFT_EMIT_LOC_STRINGS = YES;
				SWIFT_VERSION = 5.0;
				TARGETED_DEVICE_FAMILY = "1,2";
			};
			name = Debug;
		};
		2BBDB60F2D7CB4AE00084912 /* Release */ = {
			isa = XCBuildConfiguration;
			buildSettings = {
				ASSETCATALOG_COMPILER_APPICON_NAME = AppIcon;
				ASSETCATALOG_COMPILER_GLOBAL_ACCENT_COLOR_NAME = AccentColor;
				CODE_SIGN_STYLE = Automatic;
				CURRENT_PROJECT_VERSION = 1;
				DEVELOPMENT_ASSET_PATHS = "\"tutorialonexcode/Preview Content\"";
				DEVELOPMENT_TEAM = 652WBH475H;
				ENABLE_PREVIEWS = YES;
				GENERATE_INFOPLIST_FILE = YES;
				INFOPLIST_KEY_UIApplicationSceneManifest_Generation = YES;
				INFOPLIST_KEY_UIApplicationSupportsIndirectInputEvents = YES;
				INFOPLIST_KEY_UILaunchScreen_Generation = YES;
				INFOPLIST_KEY_UISupportedInterfaceOrientations_iPad = "UIInterfaceOrientationPortrait UIInterfaceOrientationPortraitUpsideDown UIInterfaceOrientationLandscapeLeft UIInterfaceOrientationLandscapeRight";
				INFOPLIST_KEY_UISupportedInterfaceOrientations_iPhone = "UIInterfaceOrientationPortrait UIInterfaceOrientationLandscapeLeft UIInterfaceOrientationLandscapeRight";
				LD_RUNPATH_SEARCH_PATHS = (
					"$(inherited)",
					"@executable_path/Frameworks",
				);
				MARKETING_VERSION = 1.0;
				PRODUCT_BUNDLE_IDENTIFIER = com.bakangmonei.tutorialonexcode;
				PRODUCT_NAME = "$(TARGET_NAME)";
				SWIFT_EMIT_LOC_STRINGS = YES;
				SWIFT_VERSION = 5.0;
				TARGETED_DEVICE_FAMILY = "1,2";
			};
			name = Release;
		};
		2BBDB6112D7CB4AE00084912 /* Debug */ = {
			isa = XCBuildConfiguration;
			buildSettings = {
				BUNDLE_LOADER = "$(TEST_HOST)";
				CODE_SIGN_STYLE = Automatic;
				CURRENT_PROJECT_VERSION = 1;
				DEVELOPMENT_TEAM = 652WBH475H;
				GENERATE_INFOPLIST_FILE = YES;
				IPHONEOS_DEPLOYMENT_TARGET = 18.2;
				MARKETING_VERSION = 1.0;
				PRODUCT_BUNDLE_IDENTIFIER = com.bakangmonei.tutorialonexcodeTests;
				PRODUCT_NAME = "$(TARGET_NAME)";
				SWIFT_EMIT_LOC_STRINGS = NO;
				SWIFT_VERSION = 5.0;
				TARGETED_DEVICE_FAMILY = "1,2";
				TEST_HOST = "$(BUILT_PRODUCTS_DIR)/tutorialonexcode.app/$(BUNDLE_EXECUTABLE_FOLDER_PATH)/tutorialonexcode";
			};
			name = Debug;
		};
		2BBDB6122D7CB4AE00084912 /* Release */ = {
			isa = XCBuildConfiguration;
			buildSettings = {
				BUNDLE_LOADER = "$(TEST_HOST)";
				CODE_SIGN_STYLE = Automatic;
				CURRENT_PROJECT_VERSION = 1;
				DEVELOPMENT_TEAM = 652WBH475H;
				GENERATE_INFOPLIST_FILE = YES;
				IPHONEOS_DEPLOYMENT_TARGET = 18.2;
				MARKETING_VERSION = 1.0;
				PRODUCT_BUNDLE_IDENTIFIER = com.bakangmonei.tutorialonexcodeTests;
				PRODUCT_NAME = "$(TARGET_NAME)";
				SWIFT_EMIT_LOC_STRINGS = NO;
				SWIFT_VERSION = 5.0;
				TARGETED_DEVICE_FAMILY = "1,2";
				TEST_HOST = "$(BUILT_PRODUCTS_DIR)/tutorialonexcode.app/$(BUNDLE_EXECUTABLE_FOLDER_PATH)/tutorialonexcode";
			};
			name = Release;
		};
		2BBDB6142D7CB4AE00084912 /* Debug */ = {
			isa = XCBuildConfiguration;
			buildSettings = {
				CODE_SIGN_STYLE = Automatic;
				CURRENT_PROJECT_VERSION = 1;
				DEVELOPMENT_TEAM = 652WBH475H;
				GENERATE_INFOPLIST_FILE = YES;
				MARKETING_VERSION = 1.0;
				PRODUCT_BUNDLE_IDENTIFIER = com.bakangmonei.tutorialonexcodeUITests;
				PRODUCT_NAME = "$(TARGET_NAME)";
				SWIFT_EMIT_LOC_STRINGS = NO;
				SWIFT_VERSION = 5.0;
				TARGETED_DEVICE_FAMILY = "1,2";
				TEST_TARGET_NAME = tutorialonexcode;
			};
			name = Debug;
		};
		2BBDB6152D7CB4AE00084912 /* Release */ = {
			isa = XCBuildConfiguration;
			buildSettings = {
				CODE_SIGN_STYLE = Automatic;
				CURRENT_PROJECT_VERSION = 1;
				DEVELOPMENT_TEAM = 652WBH475H;
				GENERATE_INFOPLIST_FILE = YES;
				MARKETING_VERSION = 1.0;
				PRODUCT_BUNDLE_IDENTIFIER = com.bakangmonei.tutorialonexcodeUITests;
				PRODUCT_NAME = "$(TARGET_NAME)";
				SWIFT_EMIT_LOC_STRINGS = NO;
				SWIFT_VERSION = 5.0;
				TARGETED_DEVICE_FAMILY = "1,2";
				TEST_TARGET_NAME = tutorialonexcode;
			};
			name = Release;
		};
/* End XCBuildConfiguration section */

/* Begin XCConfigurationList section */
		2BBDB5E42D7CB4AD00084912 /* Build configuration list for PBXProject "tutorialonexcode" */ = {
			isa = XCConfigurationList;
			buildConfigurations = (
				2BBDB60B2D7CB4AE00084912 /* Debug */,
				2BBDB60C2D7CB4AE00084912 /* Release */,
			);
			defaultConfigurationIsVisible = 0;
			defaultConfigurationName = Release;
		};
		2BBDB60D2D7CB4AE00084912 /* Build configuration list for PBXNativeTarget "tutorialonexcode" */ = {
			isa = XCConfigurationList;
			buildConfigurations = (
				2BBDB60E2D7CB4AE00084912 /* Debug */,
				2BBDB60F2D7CB4AE00084912 /* Release */,
			);
			defaultConfigurationIsVisible = 0;
			defaultConfigurationName = Release;
		};
		2BBDB6102D7CB4AE00084912 /* Build configuration list for PBXNativeTarget "tutorialonexcodeTests" */ = {
			isa = XCConfigurationList;
			buildConfigurations = (
				2BBDB6112D7CB4AE00084912 /* Debug */,
				2BBDB6122D7CB4AE00084912 /* Release */,
			);
			defaultConfigurationIsVisible = 0;
			defaultConfigurationName = Release;
		};
		2BBDB6132D7CB4AE00084912 /* Build configuration list for PBXNativeTarget "tutorialonexcodeUITests" */ = {
			isa = XCConfigurationList;
			buildConfigurations = (
				2BBDB6142D7CB4AE00084912 /* Debug */,
				2BBDB6152D7CB4AE00084912 /* Release */,
			);
			defaultConfigurationIsVisible = 0;
			defaultConfigurationName = Release;
		};
/* End XCConfigurationList section */
	};
	rootObject = 2BBDB5E12D7CB4AD00084912 /* Project object */;
}
